
Microsoft Visual Studio Solution File, Format Version 12.00
# Visual Studio Version 17
VisualStudioVersion = 17.11.35327.3
MinimumVisualStudioVersion = 10.0.40219.1
Project("{FAE04EC0-301F-11D3-BF4B-00C04F79EFBC}") = "ConsoleApp5", "ConsoleApp5.csproj", "{CCB026CB-A82F-42F4-A688-17ED9C2FAAEF}"
EndProject
Global
	GlobalSection(SolutionConfigurationPlatforms) = preSolution
		Debug|Any CPU = Debug|Any CPU
		Release|Any CPU = Release|Any CPU
	EndGlobalSection
	GlobalSection(ProjectConfigurationPlatforms) = postSolution
		{CCB026CB-A82F-42F4-A688-17ED9C2FAAEF}.Debug|Any CPU.ActiveCfg = Debug|Any CPU
		{CCB026CB-A82F-42F4-A688-17ED9C2FAAEF}.Debug|Any CPU.Build.0 = Debug|Any CPU
		{CCB026CB-A82F-42F4-A688-17ED9C2FAAEF}.Release|Any CPU.ActiveCfg = Release|Any CPU
		{CCB026CB-A82F-42F4-A688-17ED9C2FAAEF}.Release|Any CPU.Build.0 = Release|Any CPU
	EndGlobalSection
	GlobalSection(SolutionProperties) = preSolution
		HideSolutionNode = FALSE
	EndGlobalSection
	GlobalSection(ExtensibilityGlobals) = postSolution
		SolutionGuid = {ADC9CBF4-0ED1-4606-AA7C-185FB3220A21}
	EndGlobalSection
EndGlobal
